lockfileVersion: '9.0'

settings:
  autoInstallPeers: true
  excludeLinksFromLockfile: false

importers:

  .:
    dependencies:
      launch-editor:
        specifier: ^2.12.0
        version: 2.12.0

packages:

  launch-editor@2.12.0:
    resolution: {integrity: sha512-giOHXoOtifjdHqUamwKq6c49GzBdLjvxrd2D+Q4V6uOHopJv7p9VJxikDsQ/CBXZbEITgUqSVHXLTG3VhPP1Dg==}

  picocolors@1.1.1:
    resolution: {integrity: sha512-xceH2snhtb5M9liqDsmEw56le376mTZkEX/jEb/RxNFyegNul7eNslCXP9FDj/Lcu0X8KEyMceP2ntpaHrDEVA==}

  shell-quote@1.8.3:
    resolution: {integrity: sha512-ObmnIF4hXNg1BqhnHmgbDETF8dLPCggZWBjkQfhZpbszZnYur5DUljTcCHii5LC3J5E0yeO/1LIMyH+UvHQgyw==}
    engines: {node: '>= 0.4'}

snapshots:

  launch-editor@2.12.0:
    dependencies:
      picocolors: 1.1.1
      shell-quote: 1.8.3

  picocolors@1.1.1: {}

  shell-quote@1.8.3: {}
